
Microsoft Visual Studio Solution File, Format Version 12.00
# Visual Studio Version 17
VisualStudioVersion = 17.5.33502.453
MinimumVisualStudioVersion = 10.0.40219.1
Project("{FAE04EC0-301F-11D3-BF4B-00C04F79EFBC}") = "incomeAndExpenseAccounting", "incomeAndExpenseAccounting\incomeAndExpenseAccounting.csproj", "{B5777473-452D-438B-A4A0-0D2411FDFC5C}"
EndProject
Global
	GlobalSection(SolutionConfigurationPlatforms) = preSolution
		Debug|Any CPU = Debug|Any CPU
		Release|Any CPU = Release|Any CPU
	EndGlobalSection
	GlobalSection(ProjectConfigurationPlatforms) = postSolution
		{B5777473-452D-438B-A4A0-0D2411FDFC5C}.Debug|Any CPU.ActiveCfg = Debug|Any CPU
		{B5777473-452D-438B-A4A0-0D2411FDFC5C}.Debug|Any CPU.Build.0 = Debug|Any CPU
		{B5777473-452D-438B-A4A0-0D2411FDFC5C}.Release|Any CPU.ActiveCfg = Release|Any CPU
		{B5777473-452D-438B-A4A0-0D2411FDFC5C}.Release|Any CPU.Build.0 = Release|Any CPU
	EndGlobalSection
	GlobalSection(SolutionProperties) = preSolution
		HideSolutionNode = FALSE
	EndGlobalSection
	GlobalSection(ExtensibilityGlobals) = postSolution
		SolutionGuid = {C7DC8AE6-EAEC-4779-9454-407E201CFF33}
	EndGlobalSection
EndGlobal
